
Microsoft Visual Studio Solution File, Format Version 12.00
# Visual Studio Express 2012 for Windows Desktop
Project("{FAE04EC0-301F-11D3-BF4B-00C04F79EFBC}") = "XO", "XO\XO.csproj", "{FD572EF3-2B90-43EA-AF2E-8EC98E2570DA}"
EndProject
Global
	GlobalSection(SolutionConfigurationPlatforms) = preSolution
		Debug|Any CPU = Debug|Any CPU
		Release|Any CPU = Release|Any CPU
	EndGlobalSection
	GlobalSection(ProjectConfigurationPlatforms) = postSolution
		{FD572EF3-2B90-43EA-AF2E-8EC98E2570DA}.Debug|Any CPU.ActiveCfg = Debug|Any CPU
		{FD572EF3-2B90-43EA-AF2E-8EC98E2570DA}.Debug|Any CPU.Build.0 = Debug|Any CPU
		{FD572EF3-2B90-43EA-AF2E-8EC98E2570DA}.Release|Any CPU.ActiveCfg = Release|Any CPU
		{FD572EF3-2B90-43EA-AF2E-8EC98E2570DA}.Release|Any CPU.Build.0 = Release|Any CPU
	EndGlobalSection
	GlobalSection(SolutionProperties) = preSolution
		HideSolutionNode = FALSE
	EndGlobalSection
EndGlobal
